
Microsoft Visual Studio Solution File, Format Version 12.00
# Visual Studio Version 17
VisualStudioVersion = 17.8.34511.84
MinimumVisualStudioVersion = 10.0.40219.1
Project("{9A19103F-16F7-4668-BE54-9A1E7A4F7556}") = "WpfServer1", "WpfServer1\WpfServer1.csproj", "{11BAB251-4882-4C4F-9828-7A638315E222}"
EndProject
Project("{9A19103F-16F7-4668-BE54-9A1E7A4F7556}") = "ChatLib", "..\ChatLib\ChatLib\ChatLib.csproj", "{5DA15A09-7282-4716-8D97-FD1721152EF0}"
EndProject
Global
	GlobalSection(SolutionConfigurationPlatforms) = preSolution
		Debug|Any CPU = Debug|Any CPU
		Release|Any CPU = Release|Any CPU
	EndGlobalSection
	GlobalSection(ProjectConfigurationPlatforms) = postSolution
		{11BAB251-4882-4C4F-9828-7A638315E222}.Debug|Any CPU.ActiveCfg = Debug|Any CPU
		{11BAB251-4882-4C4F-9828-7A638315E222}.Debug|Any CPU.Build.0 = Debug|Any CPU
		{11BAB251-4882-4C4F-9828-7A638315E222}.Release|Any CPU.ActiveCfg = Release|Any CPU
		{11BAB251-4882-4C4F-9828-7A638315E222}.Release|Any CPU.Build.0 = Release|Any CPU
		{5DA15A09-7282-4716-8D97-FD1721152EF0}.Debug|Any CPU.ActiveCfg = Debug|Any CPU
		{5DA15A09-7282-4716-8D97-FD1721152EF0}.Debug|Any CPU.Build.0 = Debug|Any CPU
		{5DA15A09-7282-4716-8D97-FD1721152EF0}.Release|Any CPU.ActiveCfg = Release|Any CPU
		{5DA15A09-7282-4716-8D97-FD1721152EF0}.Release|Any CPU.Build.0 = Release|Any CPU
	EndGlobalSection
	GlobalSection(SolutionProperties) = preSolution
		HideSolutionNode = FALSE
	EndGlobalSection
	GlobalSection(ExtensibilityGlobals) = postSolution
		SolutionGuid = {75D1DED8-A25A-47E5-B902-4270560AAE19}
	EndGlobalSection
EndGlobal
